
Microsoft Visual Studio Solution File, Format Version 12.00
# Visual Studio 15
VisualStudioVersion = 15.0.26430.6
MinimumVisualStudioVersion = 10.0.40219.1
Project("{2150E333-8FDC-42A3-9474-1A3956D46DE8}") = "CS2", "CS2", "{E326494F-4F7C-45C2-9E89-36DBBD27D036}"
EndProject
Project("{FAE04EC0-301F-11D3-BF4B-00C04F79EFBC}") = "CS2.01.Generics", "CS2\CS2.01.Generics\CS2.01.Generics.csproj", "{BF1EC717-0717-446A-944E-4ADBA23ABC8A}"
EndProject
Project("{FAE04EC0-301F-11D3-BF4B-00C04F79EFBC}") = "CS2.02.AnonymousMethods", "CS2\CS2.02.AnonymousMethods\CS2.02.AnonymousMethods.csproj", "{3C9231D2-7674-4D94-866C-FEF5E31003AF}"
EndProject
Project("{FAE04EC0-301F-11D3-BF4B-00C04F79EFBC}") = "CS2.03.Iterators", "CS2\CS2.03.Iterators\CS2.03.Iterators.csproj", "{AC511348-C472-4943-B3F5-91DF66798483}"
EndProject
Project("{FAE04EC0-301F-11D3-BF4B-00C04F79EFBC}") = "CS2.04.PartialType", "CS2\CS2.04.PartialType\CS2.04.PartialType.csproj", "{8025F307-31A6-4067-A7C1-296544F4DB30}"
EndProject
Project("{FAE04EC0-301F-11D3-BF4B-00C04F79EFBC}") = "CS2.05.NullableTypes", "CS2\CS2.05.NullableTypes\CS2.05.NullableTypes.csproj", "{0F53CCD7-3CD4-4D41-8851-B3D0ACBE6A6C}"
EndProject
Project("{FAE04EC0-301F-11D3-BF4B-00C04F79EFBC}") = "CS2.06.NullConditionalOperator", "CS2\CS2.06.NullConditionalOperator\CS2.06.NullConditionalOperator.csproj", "{72165C5B-8E49-452A-9593-710510BC676A}"
EndProject
Project("{FAE04EC0-301F-11D3-BF4B-00C04F79EFBC}") = "CS2.07.RestrictingAccessorAccessibility", "CS2\CS2.07.RestrictingAccessorAccessibility\CS2.07.RestrictingAccessorAccessibility.csproj", "{BC2D0E62-D3CD-48E8-8A7F-08CC95647732}"
EndProject
Project("{FAE04EC0-301F-11D3-BF4B-00C04F79EFBC}") = "CS2.08.StaticClassesAndStaticClassMembers", "CS2\CS2.08.StaticClassesAndStaticClassMembers\CS2.08.StaticClassesAndStaticClassMembers.csproj", "{47BBEEDB-5F82-453D-83BB-819B10B80E48}"
EndProject
Project("{FAE04EC0-301F-11D3-BF4B-00C04F79EFBC}") = "CS2.09.NamespaceAliasQualifer", "CS2\CS2.09.NamespaceAliasQualifer\CS2.09.NamespaceAliasQualifer.csproj", "{80B73841-AE51-4D5A-AF2C-4FDFEF000915}"
EndProject
Project("{FAE04EC0-301F-11D3-BF4B-00C04F79EFBC}") = "CS2.10.ExternAlias", "CS2\CS2.10.ExternAlias\CS2.10.ExternAlias.csproj", "{A78A4C19-6D0E-4C69-9ABF-8848FAE1DD88}"
EndProject
Project("{FAE04EC0-301F-11D3-BF4B-00C04F79EFBC}") = "CS2.11.PreprocessorPragma", "CS2\CS2.11.PreprocessorPragma\CS2.11.PreprocessorPragma.csproj", "{54C75D8E-B1C2-4CA3-AEE0-DAA1161F8994}"
EndProject
Project("{FAE04EC0-301F-11D3-BF4B-00C04F79EFBC}") = "CS2.12.ConditionalAttribute", "CS2\CS2.12.ConditionalAttribute\CS2.12.ConditionalAttribute.csproj", "{A23AAACB-289F-4AFB-82FA-7744595846F0}"
EndProject
Project("{FAE04EC0-301F-11D3-BF4B-00C04F79EFBC}") = "CS2.13.FixedSizeBuffers", "CS2\CS2.13.FixedSizeBuffers\CS2.13.FixedSizeBuffers.csproj", "{37F92CA2-79B9-40C4-84A4-B52CAA82FA1E}"
EndProject
Project("{FAE04EC0-301F-11D3-BF4B-00C04F79EFBC}") = "CS2.14.UsingVarianceInDelegates", "CS2\CS2.14.UsingVarianceInDelegates\CS2.14.UsingVarianceInDelegates.csproj", "{9054E901-42A8-46B8-9708-5BE8ECFF9468}"
EndProject
Project("{2150E333-8FDC-42A3-9474-1A3956D46DE8}") = "CS3", "CS3", "{48B129AF-5FAE-4AD1-9440-FF6494DB03D3}"
EndProject
Project("{FAE04EC0-301F-11D3-BF4B-00C04F79EFBC}") = "CS3.01.Var", "CS3\CS3.01.Var\CS3.01.Var.csproj", "{82C4E478-681D-45D6-A412-F1ABA81E7767}"
EndProject
Project("{FAE04EC0-301F-11D3-BF4B-00C04F79EFBC}") = "CS3.09.PartialMethod", "CS3\CS3.09.PartialMethod\CS3.09.PartialMethod.csproj", "{57B80035-C394-4A45-90DA-538D8B08CA8D}"
EndProject
Project("{2150E333-8FDC-42A3-9474-1A3956D46DE8}") = "CS4", "CS4", "{89AAC82E-EE20-42BF-B9BA-F4C4E9B824E9}"
EndProject
Project("{2150E333-8FDC-42A3-9474-1A3956D46DE8}") = "CS5", "CS5", "{05A2D54A-1EED-422B-8487-26F74A711105}"
EndProject
Project("{2150E333-8FDC-42A3-9474-1A3956D46DE8}") = "CS6", "CS6", "{8339EB7D-C598-48B7-8E6D-B128AC151F3C}"
EndProject
Project("{2150E333-8FDC-42A3-9474-1A3956D46DE8}") = "CS7", "CS7", "{BDA9A694-3231-4077-A492-C827A1742F9B}"
EndProject
Project("{FAE04EC0-301F-11D3-BF4B-00C04F79EFBC}") = "CS4.01.Dynamic", "CS4\CS4.01.Dynamic\CS4.01.Dynamic.csproj", "{B89A4488-9C07-41D7-B5DA-FA444F5B598C}"
EndProject
Project("{FAE04EC0-301F-11D3-BF4B-00C04F79EFBC}") = "CS4.02.NamedAndOptionalArguments", "CS4\CS4.02.NamedAndOptionalArguments\CS4.02.NamedAndOptionalArguments.csproj", "{114ABDCA-6F8C-4C15-98DF-6A6269B1D699}"
EndProject
Project("{FAE04EC0-301F-11D3-BF4B-00C04F79EFBC}") = "CS4.03.NamedAndOptionalArguments", "CS4\CS4.03.NamedAndOptionalArguments\CS4.03.NamedAndOptionalArguments.csproj", "{549DE63D-DEEB-402F-B0C2-FB95B77E2437}"
EndProject
Project("{FAE04EC0-301F-11D3-BF4B-00C04F79EFBC}") = "CS4.04.VarianceInGenericInterfaces", "CS4\CS4.04.VarianceInGenericInterfaces\CS4.04.VarianceInGenericInterfaces.csproj", "{CC8B10F7-4871-41FE-9F73-5F90ABDD12A8}"
EndProject
Project("{FAE04EC0-301F-11D3-BF4B-00C04F79EFBC}") = "CS5.01.Async", "CS5\CS5.01.Async\CS5.01.Async.csproj", "{F21B1722-65DD-41EF-9E52-AA775EDB19BC}"
EndProject
Project("{FAE04EC0-301F-11D3-BF4B-00C04F79EFBC}") = "CS5.02.CallerInformation", "CS5\CS5.02.CallerInformation\CS5.02.CallerInformation.csproj", "{FEEF39AD-BE36-477D-9E64-97D999B167D2}"
EndProject
Project("{FAE04EC0-301F-11D3-BF4B-00C04F79EFBC}") = "CS6.02.AutoImplementedProperties", "CS6\CS6.02.AutoImplementedProperties\CS6.02.AutoImplementedProperties.csproj", "{43AF2609-016B-4668-895A-9D46202D40D7}"
EndProject
Project("{FAE04EC0-301F-11D3-BF4B-00C04F79EFBC}") = "CS6.04.MethodsExpr", "CS6\CS6.04.MethodsExpr\CS6.04.MethodsExpr.csproj", "{F8DDEAA6-BFF6-4CF6-A0D2-E4A9719ED0E8}"
EndProject
Project("{FAE04EC0-301F-11D3-BF4B-00C04F79EFBC}") = "CS6.10.AwaitInCatchAndFinallyBlocks", "CS6\CS6.10.AwaitInCatchAndFinallyBlocks\CS6.10.AwaitInCatchAndFinallyBlocks.csproj", "{DEF70243-39B2-4B9A-BEAA-15ECD428AEF4}"
EndProject
Project("{FAE04EC0-301F-11D3-BF4B-00C04F79EFBC}") = "CS6.11.ObjectAndCollectionInitializers", "CS6\CS6.11.ObjectAndCollectionInitializers\CS6.11.ObjectAndCollectionInitializers.csproj", "{B21247C7-FC01-4397-A319-010AD28154D3}"
EndProject
Project("{FAE04EC0-301F-11D3-BF4B-00C04F79EFBC}") = "CS6.12.ExtensionAddMethodsInCollectionInitializers", "CS6\CS6.12.ExtensionAddMethodsInCollectionInitializers\CS6.12.ExtensionAddMethodsInCollectionInitializers.csproj", "{469F9539-BF6B-43F6-975E-A2C5DA296213}"
EndProject
Project("{FAE04EC0-301F-11D3-BF4B-00C04F79EFBC}") = "CS6.13.ImprovedOverloadResolution", "CS6\CS6.13.ImprovedOverloadResolution\CS6.13.ImprovedOverloadResolution.csproj", "{DD6AE425-929E-439C-89B0-FDA8889FB5B1}"
EndProject
Project("{FAE04EC0-301F-11D3-BF4B-00C04F79EFBC}") = "CS7.01.OutParameterModifier", "CS7\CS7.01.OutParameterModifier\CS7.01.OutParameterModifier.csproj", "{8FB4E1BB-A8E8-4234-B829-E82609CB4961}"
EndProject
Project("{FAE04EC0-301F-11D3-BF4B-00C04F79EFBC}") = "CS7.02.Tuples", "CS7\CS7.02.Tuples\CS7.02.Tuples.csproj", "{5F7F7BEA-68A2-4D2B-867E-A84802CCDB7D}"
EndProject
Project("{FAE04EC0-301F-11D3-BF4B-00C04F79EFBC}") = "CS7.07.MoreExpressionBodiedMembers", "CS7\CS7.07.MoreExpressionBodiedMembers\CS7.07.MoreExpressionBodiedMembers.csproj", "{5F339E57-88AB-4468-9864-025ABF81417A}"
EndProject
Project("{FAE04EC0-301F-11D3-BF4B-00C04F79EFBC}") = "CS7.08.ThrowExpressions", "CS7\CS7.08.ThrowExpressions\CS7.08.ThrowExpressions.csproj", "{372AB0C7-ECC0-4065-BE71-12554C1C51C2}"
EndProject
Project("{FAE04EC0-301F-11D3-BF4B-00C04F79EFBC}") = "CS7.09.GeneralizedAsyncReturnTypes", "CS7\CS7.09.GeneralizedAsyncReturnTypes\CS7.09.GeneralizedAsyncReturnTypes.csproj", "{3AE77446-4917-491E-9FC1-CC8A3695C28B}"
EndProject
Project("{FAE04EC0-301F-11D3-BF4B-00C04F79EFBC}") = "CS7.10.LiteralImprovements", "CS7\CS7.10.LiteralImprovements\CS7.10.LiteralImprovements.csproj", "{DD0BBA74-3ACE-40EE-825B-4524DF3472E6}"
EndProject
Project("{FAE04EC0-301F-11D3-BF4B-00C04F79EFBC}") = "CS3.02.ImplicitlyTypedArrays", "CS3\CS3.02.ImplicitlyTypedArrays\CS3.02.ImplicitlyTypedArrays.csproj", "{25EB1B41-6424-41C4-946C-1C1B251DE9D6}"
EndProject
Project("{FAE04EC0-301F-11D3-BF4B-00C04F79EFBC}") = "CS3.03.AutoImplementedProperties", "CS3\CS3.03.AutoImplementedProperties\CS3.03.AutoImplementedProperties.csproj", "{918D31A8-7527-49C4-9B70-51B928910903}"
EndProject
Project("{FAE04EC0-301F-11D3-BF4B-00C04F79EFBC}") = "CS3.04.ExtensionMethods", "CS3\CS3.04.ExtensionMethods\CS3.04.ExtensionMethods.csproj", "{FB6558B0-CC61-4ED2-BEEF-9C97FE7662C8}"
EndProject
Project("{FAE04EC0-301F-11D3-BF4B-00C04F79EFBC}") = "CS3.05.LambdaExpressions", "CS3\CS3.05.LambdaExpressions\CS3.05.LambdaExpressions.csproj", "{FEF41B6E-B5F4-4D79-A89A-383CCF5D2927}"
EndProject
Project("{FAE04EC0-301F-11D3-BF4B-00C04F79EFBC}") = "CS3.06.QuerySyntaxAndMethodSyntaxInLinq", "CS3\CS3.06.QuerySyntaxAndMethodSyntaxInLinq\CS3.06.QuerySyntaxAndMethodSyntaxInLinq.csproj", "{5B59DDA1-A180-45F1-A826-D7D7FCA45625}"
EndProject
Project("{FAE04EC0-301F-11D3-BF4B-00C04F79EFBC}") = "CS3.07.AnonymousTypes", "CS3\CS3.07.AnonymousTypes\CS3.07.AnonymousTypes.csproj", "{76FBF2BA-566A-4A77-9D4C-5284907F47F9}"
EndProject
Project("{FAE04EC0-301F-11D3-BF4B-00C04F79EFBC}") = "CS3.08.ObjectAndCollectionInitializers", "CS3\CS3.08.ObjectAndCollectionInitializers\CS3.08.ObjectAndCollectionInitializers.csproj", "{CB14C010-B100-4915-B9CD-18D6873DE9FA}"
EndProject
Project("{FAE04EC0-301F-11D3-BF4B-00C04F79EFBC}") = "CS6.01.InterpolatedStrings", "CS6\CS6.01.InterpolatedStrings\CS6.01.InterpolatedStrings.csproj", "{E461DCD7-B3AC-4CE5-8DA0-40A0F5C09F3D}"
EndProject
Project("{FAE04EC0-301F-11D3-BF4B-00C04F79EFBC}") = "CS6.03.AutoImplementedProperties", "CS6\CS6.03.AutoImplementedProperties\CS6.03.AutoImplementedProperties.csproj", "{FCD0C726-11DF-4F1F-B307-BD07A1FEF39D}"
EndProject
Project("{FAE04EC0-301F-11D3-BF4B-00C04F79EFBC}") = "CS6.05.Properties", "CS6\CS6.05.Properties\CS6.05.Properties.csproj", "{0F75763D-7562-4036-8C39-87DCC3602D7C}"
EndProject
Project("{FAE04EC0-301F-11D3-BF4B-00C04F79EFBC}") = "CS6.06.UsingStatic", "CS6\CS6.06.UsingStatic\CS6.06.UsingStatic.csproj", "{F147BD8D-F59C-4298-A577-820945BCBAD1}"
EndProject
Project("{FAE04EC0-301F-11D3-BF4B-00C04F79EFBC}") = "CS6.07.NullConditionalOperators", "CS6\CS6.07.NullConditionalOperators\CS6.07.NullConditionalOperators.csproj", "{7BF55182-57AA-4ED2-9E19-A0270EB174F1}"
EndProject
Project("{FAE04EC0-301F-11D3-BF4B-00C04F79EFBC}") = "CS6.08.Nameof", "CS6\CS6.08.Nameof\CS6.08.Nameof.csproj", "{F59BA6B4-3E4E-467D-958A-F6BB7FB10118}"
EndProject
Project("{FAE04EC0-301F-11D3-BF4B-00C04F79EFBC}") = "CS6.09.TryCatch", "CS6\CS6.09.TryCatch\CS6.09.TryCatch.csproj", "{E3D67329-1CA4-4C63-B287-AC8AAF0FB8B6}"
EndProject
Project("{FAE04EC0-301F-11D3-BF4B-00C04F79EFBC}") = "CS7.03.Deconstruction", "CS7\CS7.03.Deconstruction\CS7.03.Deconstruction.csproj", "{D3651BF8-04C8-4585-9AF5-5B844DC81AC3}"
EndProject
Project("{FAE04EC0-301F-11D3-BF4B-00C04F79EFBC}") = "CS7.04.PatternMatching", "CS7\CS7.04.PatternMatching\CS7.04.PatternMatching.csproj", "{977A9CC4-B9BD-44BD-9BAB-315CE9F2C6C5}"
EndProject
Project("{FAE04EC0-301F-11D3-BF4B-00C04F79EFBC}") = "CS7.05.RefLocalsAndReturns", "CS7\CS7.05.RefLocalsAndReturns\CS7.05.RefLocalsAndReturns.csproj", "{856C1F32-5176-4A5B-B395-22623F054890}"
EndProject
Project("{FAE04EC0-301F-11D3-BF4B-00C04F79EFBC}") = "CS7.06.LocalFunctions", "CS7\CS7.06.LocalFunctions\CS7.06.LocalFunctions.csproj", "{8F3771AD-76B0-4DD2-A00B-E77176EC381B}"
EndProject
Project("{FAE04EC0-301F-11D3-BF4B-00C04F79EFBC}") = "CS2.10.ExternAliasDllA", "CS2\CS2.10.ExternAliasDllA\CS2.10.ExternAliasDllA.csproj", "{35442E91-2E09-40ED-B3AF-25A6F294CDEF}"
EndProject
Project("{FAE04EC0-301F-11D3-BF4B-00C04F79EFBC}") = "CS2.10.ExternAliasDllB", "CS2\CS2.10.ExternAliasDllB\CS2.10.ExternAliasDllB.csproj", "{9DEE6184-5580-41DF-893F-8EB344B6812B}"
EndProject
Project("{2150E333-8FDC-42A3-9474-1A3956D46DE8}") = "Solution Items", "Solution Items", "{2F07F250-024B-4DF2-9F6D-EEF49A4B2CE2}"
	ProjectSection(SolutionItems) = preProject
		LICENSE.txt = LICENSE.txt
		README.md = README.md
	EndProjectSection
EndProject
Global
	GlobalSection(SolutionConfigurationPlatforms) = preSolution
		Debug|Any CPU = Debug|Any CPU
		Release|Any CPU = Release|Any CPU
	EndGlobalSection
	GlobalSection(ProjectConfigurationPlatforms) = postSolution
		{BF1EC717-0717-446A-944E-4ADBA23ABC8A}.Debug|Any CPU.ActiveCfg = Debug|Any CPU
		{BF1EC717-0717-446A-944E-4ADBA23ABC8A}.Debug|Any CPU.Build.0 = Debug|Any CPU
		{BF1EC717-0717-446A-944E-4ADBA23ABC8A}.Release|Any CPU.ActiveCfg = Release|Any CPU
		{BF1EC717-0717-446A-944E-4ADBA23ABC8A}.Release|Any CPU.Build.0 = Release|Any CPU
		{3C9231D2-7674-4D94-866C-FEF5E31003AF}.Debug|Any CPU.ActiveCfg = Debug|Any CPU
		{3C9231D2-7674-4D94-866C-FEF5E31003AF}.Debug|Any CPU.Build.0 = Debug|Any CPU
		{3C9231D2-7674-4D94-866C-FEF5E31003AF}.Release|Any CPU.ActiveCfg = Release|Any CPU
		{3C9231D2-7674-4D94-866C-FEF5E31003AF}.Release|Any CPU.Build.0 = Release|Any CPU
		{AC511348-C472-4943-B3F5-91DF66798483}.Debug|Any CPU.ActiveCfg = Debug|Any CPU
		{AC511348-C472-4943-B3F5-91DF66798483}.Debug|Any CPU.Build.0 = Debug|Any CPU
		{AC511348-C472-4943-B3F5-91DF66798483}.Release|Any CPU.ActiveCfg = Release|Any CPU
		{AC511348-C472-4943-B3F5-91DF66798483}.Release|Any CPU.Build.0 = Release|Any CPU
		{8025F307-31A6-4067-A7C1-296544F4DB30}.Debug|Any CPU.ActiveCfg = Debug|Any CPU
		{8025F307-31A6-4067-A7C1-296544F4DB30}.Debug|Any CPU.Build.0 = Debug|Any CPU
		{8025F307-31A6-4067-A7C1-296544F4DB30}.Release|Any CPU.ActiveCfg = Release|Any CPU
		{8025F307-31A6-4067-A7C1-296544F4DB30}.Release|Any CPU.Build.0 = Release|Any CPU
		{0F53CCD7-3CD4-4D41-8851-B3D0ACBE6A6C}.Debug|Any CPU.ActiveCfg = Debug|Any CPU
		{0F53CCD7-3CD4-4D41-8851-B3D0ACBE6A6C}.Debug|Any CPU.Build.0 = Debug|Any CPU
		{0F53CCD7-3CD4-4D41-8851-B3D0ACBE6A6C}.Release|Any CPU.ActiveCfg = Release|Any CPU
		{0F53CCD7-3CD4-4D41-8851-B3D0ACBE6A6C}.Release|Any CPU.Build.0 = Release|Any CPU
		{72165C5B-8E49-452A-9593-710510BC676A}.Debug|Any CPU.ActiveCfg = Debug|Any CPU
		{72165C5B-8E49-452A-9593-710510BC676A}.Debug|Any CPU.Build.0 = Debug|Any CPU
		{72165C5B-8E49-452A-9593-710510BC676A}.Release|Any CPU.ActiveCfg = Release|Any CPU
		{72165C5B-8E49-452A-9593-710510BC676A}.Release|Any CPU.Build.0 = Release|Any CPU
		{BC2D0E62-D3CD-48E8-8A7F-08CC95647732}.Debug|Any CPU.ActiveCfg = Debug|Any CPU
		{BC2D0E62-D3CD-48E8-8A7F-08CC95647732}.Debug|Any CPU.Build.0 = Debug|Any CPU
		{BC2D0E62-D3CD-48E8-8A7F-08CC95647732}.Release|Any CPU.ActiveCfg = Release|Any CPU
		{BC2D0E62-D3CD-48E8-8A7F-08CC95647732}.Release|Any CPU.Build.0 = Release|Any CPU
		{47BBEEDB-5F82-453D-83BB-819B10B80E48}.Debug|Any CPU.ActiveCfg = Debug|Any CPU
		{47BBEEDB-5F82-453D-83BB-819B10B80E48}.Debug|Any CPU.Build.0 = Debug|Any CPU
		{47BBEEDB-5F82-453D-83BB-819B10B80E48}.Release|Any CPU.ActiveCfg = Release|Any CPU
		{47BBEEDB-5F82-453D-83BB-819B10B80E48}.Release|Any CPU.Build.0 = Release|Any CPU
		{80B73841-AE51-4D5A-AF2C-4FDFEF000915}.Debug|Any CPU.ActiveCfg = Debug|Any CPU
		{80B73841-AE51-4D5A-AF2C-4FDFEF000915}.Debug|Any CPU.Build.0 = Debug|Any CPU
		{80B73841-AE51-4D5A-AF2C-4FDFEF000915}.Release|Any CPU.ActiveCfg = Release|Any CPU
		{80B73841-AE51-4D5A-AF2C-4FDFEF000915}.Release|Any CPU.Build.0 = Release|Any CPU
		{A78A4C19-6D0E-4C69-9ABF-8848FAE1DD88}.Debug|Any CPU.ActiveCfg = Debug|Any CPU
		{A78A4C19-6D0E-4C69-9ABF-8848FAE1DD88}.Debug|Any CPU.Build.0 = Debug|Any CPU
		{A78A4C19-6D0E-4C69-9ABF-8848FAE1DD88}.Release|Any CPU.ActiveCfg = Release|Any CPU
		{A78A4C19-6D0E-4C69-9ABF-8848FAE1DD88}.Release|Any CPU.Build.0 = Release|Any CPU
		{54C75D8E-B1C2-4CA3-AEE0-DAA1161F8994}.Debug|Any CPU.ActiveCfg = Debug|Any CPU
		{54C75D8E-B1C2-4CA3-AEE0-DAA1161F8994}.Debug|Any CPU.Build.0 = Debug|Any CPU
		{54C75D8E-B1C2-4CA3-AEE0-DAA1161F8994}.Release|Any CPU.ActiveCfg = Release|Any CPU
		{54C75D8E-B1C2-4CA3-AEE0-DAA1161F8994}.Release|Any CPU.Build.0 = Release|Any CPU
		{A23AAACB-289F-4AFB-82FA-7744595846F0}.Debug|Any CPU.ActiveCfg = Debug|Any CPU
		{A23AAACB-289F-4AFB-82FA-7744595846F0}.Debug|Any CPU.Build.0 = Debug|Any CPU
		{A23AAACB-289F-4AFB-82FA-7744595846F0}.Release|Any CPU.ActiveCfg = Release|Any CPU
		{A23AAACB-289F-4AFB-82FA-7744595846F0}.Release|Any CPU.Build.0 = Release|Any CPU
		{37F92CA2-79B9-40C4-84A4-B52CAA82FA1E}.Debug|Any CPU.ActiveCfg = Debug|Any CPU
		{37F92CA2-79B9-40C4-84A4-B52CAA82FA1E}.Debug|Any CPU.Build.0 = Debug|Any CPU
		{37F92CA2-79B9-40C4-84A4-B52CAA82FA1E}.Release|Any CPU.ActiveCfg = Release|Any CPU
		{37F92CA2-79B9-40C4-84A4-B52CAA82FA1E}.Release|Any CPU.Build.0 = Release|Any CPU
		{9054E901-42A8-46B8-9708-5BE8ECFF9468}.Debug|Any CPU.ActiveCfg = Debug|Any CPU
		{9054E901-42A8-46B8-9708-5BE8ECFF9468}.Debug|Any CPU.Build.0 = Debug|Any CPU
		{9054E901-42A8-46B8-9708-5BE8ECFF9468}.Release|Any CPU.ActiveCfg = Release|Any CPU
		{9054E901-42A8-46B8-9708-5BE8ECFF9468}.Release|Any CPU.Build.0 = Release|Any CPU
		{82C4E478-681D-45D6-A412-F1ABA81E7767}.Debug|Any CPU.ActiveCfg = Debug|Any CPU
		{82C4E478-681D-45D6-A412-F1ABA81E7767}.Debug|Any CPU.Build.0 = Debug|Any CPU
		{82C4E478-681D-45D6-A412-F1ABA81E7767}.Release|Any CPU.ActiveCfg = Release|Any CPU
		{82C4E478-681D-45D6-A412-F1ABA81E7767}.Release|Any CPU.Build.0 = Release|Any CPU
		{57B80035-C394-4A45-90DA-538D8B08CA8D}.Debug|Any CPU.ActiveCfg = Debug|Any CPU
		{57B80035-C394-4A45-90DA-538D8B08CA8D}.Debug|Any CPU.Build.0 = Debug|Any CPU
		{57B80035-C394-4A45-90DA-538D8B08CA8D}.Release|Any CPU.ActiveCfg = Release|Any CPU
		{57B80035-C394-4A45-90DA-538D8B08CA8D}.Release|Any CPU.Build.0 = Release|Any CPU
		{B89A4488-9C07-41D7-B5DA-FA444F5B598C}.Debug|Any CPU.ActiveCfg = Debug|Any CPU
		{B89A4488-9C07-41D7-B5DA-FA444F5B598C}.Debug|Any CPU.Build.0 = Debug|Any CPU
		{B89A4488-9C07-41D7-B5DA-FA444F5B598C}.Release|Any CPU.ActiveCfg = Release|Any CPU
		{B89A4488-9C07-41D7-B5DA-FA444F5B598C}.Release|Any CPU.Build.0 = Release|Any CPU
		{114ABDCA-6F8C-4C15-98DF-6A6269B1D699}.Debug|Any CPU.ActiveCfg = Debug|Any CPU
		{114ABDCA-6F8C-4C15-98DF-6A6269B1D699}.Debug|Any CPU.Build.0 = Debug|Any CPU
		{114ABDCA-6F8C-4C15-98DF-6A6269B1D699}.Release|Any CPU.ActiveCfg = Release|Any CPU
		{114ABDCA-6F8C-4C15-98DF-6A6269B1D699}.Release|Any CPU.Build.0 = Release|Any CPU
		{549DE63D-DEEB-402F-B0C2-FB95B77E2437}.Debug|Any CPU.ActiveCfg = Debug|Any CPU
		{549DE63D-DEEB-402F-B0C2-FB95B77E2437}.Debug|Any CPU.Build.0 = Debug|Any CPU
		{549DE63D-DEEB-402F-B0C2-FB95B77E2437}.Release|Any CPU.ActiveCfg = Release|Any CPU
		{549DE63D-DEEB-402F-B0C2-FB95B77E2437}.Release|Any CPU.Build.0 = Release|Any CPU
		{CC8B10F7-4871-41FE-9F73-5F90ABDD12A8}.Debug|Any CPU.ActiveCfg = Debug|Any CPU
		{CC8B10F7-4871-41FE-9F73-5F90ABDD12A8}.Debug|Any CPU.Build.0 = Debug|Any CPU
		{CC8B10F7-4871-41FE-9F73-5F90ABDD12A8}.Release|Any CPU.ActiveCfg = Release|Any CPU
		{CC8B10F7-4871-41FE-9F73-5F90ABDD12A8}.Release|Any CPU.Build.0 = Release|Any CPU
		{F21B1722-65DD-41EF-9E52-AA775EDB19BC}.Debug|Any CPU.ActiveCfg = Debug|Any CPU
		{F21B1722-65DD-41EF-9E52-AA775EDB19BC}.Debug|Any CPU.Build.0 = Debug|Any CPU
		{F21B1722-65DD-41EF-9E52-AA775EDB19BC}.Release|Any CPU.ActiveCfg = Release|Any CPU
		{F21B1722-65DD-41EF-9E52-AA775EDB19BC}.Release|Any CPU.Build.0 = Release|Any CPU
		{FEEF39AD-BE36-477D-9E64-97D999B167D2}.Debug|Any CPU.ActiveCfg = Debug|Any CPU
		{FEEF39AD-BE36-477D-9E64-97D999B167D2}.Debug|Any CPU.Build.0 = Debug|Any CPU
		{FEEF39AD-BE36-477D-9E64-97D999B167D2}.Release|Any CPU.ActiveCfg = Release|Any CPU
		{FEEF39AD-BE36-477D-9E64-97D999B167D2}.Release|Any CPU.Build.0 = Release|Any CPU
		{43AF2609-016B-4668-895A-9D46202D40D7}.Debug|Any CPU.ActiveCfg = Debug|Any CPU
		{43AF2609-016B-4668-895A-9D46202D40D7}.Debug|Any CPU.Build.0 = Debug|Any CPU
		{43AF2609-016B-4668-895A-9D46202D40D7}.Release|Any CPU.ActiveCfg = Release|Any CPU
		{43AF2609-016B-4668-895A-9D46202D40D7}.Release|Any CPU.Build.0 = Release|Any CPU
		{F8DDEAA6-BFF6-4CF6-A0D2-E4A9719ED0E8}.Debug|Any CPU.ActiveCfg = Debug|Any CPU
		{F8DDEAA6-BFF6-4CF6-A0D2-E4A9719ED0E8}.Debug|Any CPU.Build.0 = Debug|Any CPU
		{F8DDEAA6-BFF6-4CF6-A0D2-E4A9719ED0E8}.Release|Any CPU.ActiveCfg = Release|Any CPU
		{F8DDEAA6-BFF6-4CF6-A0D2-E4A9719ED0E8}.Release|Any CPU.Build.0 = Release|Any CPU
		{DEF70243-39B2-4B9A-BEAA-15ECD428AEF4}.Debug|Any CPU.ActiveCfg = Debug|Any CPU
		{DEF70243-39B2-4B9A-BEAA-15ECD428AEF4}.Debug|Any CPU.Build.0 = Debug|Any CPU
		{DEF70243-39B2-4B9A-BEAA-15ECD428AEF4}.Release|Any CPU.ActiveCfg = Release|Any CPU
		{DEF70243-39B2-4B9A-BEAA-15ECD428AEF4}.Release|Any CPU.Build.0 = Release|Any CPU
		{B21247C7-FC01-4397-A319-010AD28154D3}.Debug|Any CPU.ActiveCfg = Debug|Any CPU
		{B21247C7-FC01-4397-A319-010AD28154D3}.Debug|Any CPU.Build.0 = Debug|Any CPU
		{B21247C7-FC01-4397-A319-010AD28154D3}.Release|Any CPU.ActiveCfg = Release|Any CPU
		{B21247C7-FC01-4397-A319-010AD28154D3}.Release|Any CPU.Build.0 = Release|Any CPU
		{469F9539-BF6B-43F6-975E-A2C5DA296213}.Debug|Any CPU.ActiveCfg = Debug|Any CPU
		{469F9539-BF6B-43F6-975E-A2C5DA296213}.Debug|Any CPU.Build.0 = Debug|Any CPU
		{469F9539-BF6B-43F6-975E-A2C5DA296213}.Release|Any CPU.ActiveCfg = Release|Any CPU
		{469F9539-BF6B-43F6-975E-A2C5DA296213}.Release|Any CPU.Build.0 = Release|Any CPU
		{DD6AE425-929E-439C-89B0-FDA8889FB5B1}.Debug|Any CPU.ActiveCfg = Debug|Any CPU
		{DD6AE425-929E-439C-89B0-FDA8889FB5B1}.Debug|Any CPU.Build.0 = Debug|Any CPU
		{DD6AE425-929E-439C-89B0-FDA8889FB5B1}.Release|Any CPU.ActiveCfg = Release|Any CPU
		{DD6AE425-929E-439C-89B0-FDA8889FB5B1}.Release|Any CPU.Build.0 = Release|Any CPU
		{8FB4E1BB-A8E8-4234-B829-E82609CB4961}.Debug|Any CPU.ActiveCfg = Debug|Any CPU
		{8FB4E1BB-A8E8-4234-B829-E82609CB4961}.Debug|Any CPU.Build.0 = Debug|Any CPU
		{8FB4E1BB-A8E8-4234-B829-E82609CB4961}.Release|Any CPU.ActiveCfg = Release|Any CPU
		{8FB4E1BB-A8E8-4234-B829-E82609CB4961}.Release|Any CPU.Build.0 = Release|Any CPU
		{5F7F7BEA-68A2-4D2B-867E-A84802CCDB7D}.Debug|Any CPU.ActiveCfg = Debug|Any CPU
		{5F7F7BEA-68A2-4D2B-867E-A84802CCDB7D}.Debug|Any CPU.Build.0 = Debug|Any CPU
		{5F7F7BEA-68A2-4D2B-867E-A84802CCDB7D}.Release|Any CPU.ActiveCfg = Release|Any CPU
		{5F7F7BEA-68A2-4D2B-867E-A84802CCDB7D}.Release|Any CPU.Build.0 = Release|Any CPU
		{5F339E57-88AB-4468-9864-025ABF81417A}.Debug|Any CPU.ActiveCfg = Debug|Any CPU
		{5F339E57-88AB-4468-9864-025ABF81417A}.Debug|Any CPU.Build.0 = Debug|Any CPU
		{5F339E57-88AB-4468-9864-025ABF81417A}.Release|Any CPU.ActiveCfg = Release|Any CPU
		{5F339E57-88AB-4468-9864-025ABF81417A}.Release|Any CPU.Build.0 = Release|Any CPU
		{372AB0C7-ECC0-4065-BE71-12554C1C51C2}.Debug|Any CPU.ActiveCfg = Debug|Any CPU
		{372AB0C7-ECC0-4065-BE71-12554C1C51C2}.Debug|Any CPU.Build.0 = Debug|Any CPU
		{372AB0C7-ECC0-4065-BE71-12554C1C51C2}.Release|Any CPU.ActiveCfg = Release|Any CPU
		{372AB0C7-ECC0-4065-BE71-12554C1C51C2}.Release|Any CPU.Build.0 = Release|Any CPU
		{3AE77446-4917-491E-9FC1-CC8A3695C28B}.Debug|Any CPU.ActiveCfg = Debug|Any CPU
		{3AE77446-4917-491E-9FC1-CC8A3695C28B}.Debug|Any CPU.Build.0 = Debug|Any CPU
		{3AE77446-4917-491E-9FC1-CC8A3695C28B}.Release|Any CPU.ActiveCfg = Release|Any CPU
		{3AE77446-4917-491E-9FC1-CC8A3695C28B}.Release|Any CPU.Build.0 = Release|Any CPU
		{DD0BBA74-3ACE-40EE-825B-4524DF3472E6}.Debug|Any CPU.ActiveCfg = Debug|Any CPU
		{DD0BBA74-3ACE-40EE-825B-4524DF3472E6}.Debug|Any CPU.Build.0 = Debug|Any CPU
		{DD0BBA74-3ACE-40EE-825B-4524DF3472E6}.Release|Any CPU.ActiveCfg = Release|Any CPU
		{DD0BBA74-3ACE-40EE-825B-4524DF3472E6}.Release|Any CPU.Build.0 = Release|Any CPU
		{25EB1B41-6424-41C4-946C-1C1B251DE9D6}.Debug|Any CPU.ActiveCfg = Debug|Any CPU
		{25EB1B41-6424-41C4-946C-1C1B251DE9D6}.Debug|Any CPU.Build.0 = Debug|Any CPU
		{25EB1B41-6424-41C4-946C-1C1B251DE9D6}.Release|Any CPU.ActiveCfg = Release|Any CPU
		{25EB1B41-6424-41C4-946C-1C1B251DE9D6}.Release|Any CPU.Build.0 = Release|Any CPU
		{918D31A8-7527-49C4-9B70-51B928910903}.Debug|Any CPU.ActiveCfg = Debug|Any CPU
		{918D31A8-7527-49C4-9B70-51B928910903}.Debug|Any CPU.Build.0 = Debug|Any CPU
		{918D31A8-7527-49C4-9B70-51B928910903}.Release|Any CPU.ActiveCfg = Release|Any CPU
		{918D31A8-7527-49C4-9B70-51B928910903}.Release|Any CPU.Build.0 = Release|Any CPU
		{FB6558B0-CC61-4ED2-BEEF-9C97FE7662C8}.Debug|Any CPU.ActiveCfg = Debug|Any CPU
		{FB6558B0-CC61-4ED2-BEEF-9C97FE7662C8}.Debug|Any CPU.Build.0 = Debug|Any CPU
		{FB6558B0-CC61-4ED2-BEEF-9C97FE7662C8}.Release|Any CPU.ActiveCfg = Release|Any CPU
		{FB6558B0-CC61-4ED2-BEEF-9C97FE7662C8}.Release|Any CPU.Build.0 = Release|Any CPU
		{FEF41B6E-B5F4-4D79-A89A-383CCF5D2927}.Debug|Any CPU.ActiveCfg = Debug|Any CPU
		{FEF41B6E-B5F4-4D79-A89A-383CCF5D2927}.Debug|Any CPU.Build.0 = Debug|Any CPU
		{FEF41B6E-B5F4-4D79-A89A-383CCF5D2927}.Release|Any CPU.ActiveCfg = Release|Any CPU
		{FEF41B6E-B5F4-4D79-A89A-383CCF5D2927}.Release|Any CPU.Build.0 = Release|Any CPU
		{5B59DDA1-A180-45F1-A826-D7D7FCA45625}.Debug|Any CPU.ActiveCfg = Debug|Any CPU
		{5B59DDA1-A180-45F1-A826-D7D7FCA45625}.Debug|Any CPU.Build.0 = Debug|Any CPU
		{5B59DDA1-A180-45F1-A826-D7D7FCA45625}.Release|Any CPU.ActiveCfg = Release|Any CPU
		{5B59DDA1-A180-45F1-A826-D7D7FCA45625}.Release|Any CPU.Build.0 = Release|Any CPU
		{76FBF2BA-566A-4A77-9D4C-5284907F47F9}.Debug|Any CPU.ActiveCfg = Debug|Any CPU
		{76FBF2BA-566A-4A77-9D4C-5284907F47F9}.Debug|Any CPU.Build.0 = Debug|Any CPU
		{76FBF2BA-566A-4A77-9D4C-5284907F47F9}.Release|Any CPU.ActiveCfg = Release|Any CPU
		{76FBF2BA-566A-4A77-9D4C-5284907F47F9}.Release|Any CPU.Build.0 = Release|Any CPU
		{CB14C010-B100-4915-B9CD-18D6873DE9FA}.Debug|Any CPU.ActiveCfg = Debug|Any CPU
		{CB14C010-B100-4915-B9CD-18D6873DE9FA}.Debug|Any CPU.Build.0 = Debug|Any CPU
		{CB14C010-B100-4915-B9CD-18D6873DE9FA}.Release|Any CPU.ActiveCfg = Release|Any CPU
		{CB14C010-B100-4915-B9CD-18D6873DE9FA}.Release|Any CPU.Build.0 = Release|Any CPU
		{E461DCD7-B3AC-4CE5-8DA0-40A0F5C09F3D}.Debug|Any CPU.ActiveCfg = Debug|Any CPU
		{E461DCD7-B3AC-4CE5-8DA0-40A0F5C09F3D}.Debug|Any CPU.Build.0 = Debug|Any CPU
		{E461DCD7-B3AC-4CE5-8DA0-40A0F5C09F3D}.Release|Any CPU.ActiveCfg = Release|Any CPU
		{E461DCD7-B3AC-4CE5-8DA0-40A0F5C09F3D}.Release|Any CPU.Build.0 = Release|Any CPU
		{FCD0C726-11DF-4F1F-B307-BD07A1FEF39D}.Debug|Any CPU.ActiveCfg = Debug|Any CPU
		{FCD0C726-11DF-4F1F-B307-BD07A1FEF39D}.Debug|Any CPU.Build.0 = Debug|Any CPU
		{FCD0C726-11DF-4F1F-B307-BD07A1FEF39D}.Release|Any CPU.ActiveCfg = Release|Any CPU
		{FCD0C726-11DF-4F1F-B307-BD07A1FEF39D}.Release|Any CPU.Build.0 = Release|Any CPU
		{0F75763D-7562-4036-8C39-87DCC3602D7C}.Debug|Any CPU.ActiveCfg = Debug|Any CPU
		{0F75763D-7562-4036-8C39-87DCC3602D7C}.Debug|Any CPU.Build.0 = Debug|Any CPU
		{0F75763D-7562-4036-8C39-87DCC3602D7C}.Release|Any CPU.ActiveCfg = Release|Any CPU
		{0F75763D-7562-4036-8C39-87DCC3602D7C}.Release|Any CPU.Build.0 = Release|Any CPU
		{F147BD8D-F59C-4298-A577-820945BCBAD1}.Debug|Any CPU.ActiveCfg = Debug|Any CPU
		{F147BD8D-F59C-4298-A577-820945BCBAD1}.Debug|Any CPU.Build.0 = Debug|Any CPU
		{F147BD8D-F59C-4298-A577-820945BCBAD1}.Release|Any CPU.ActiveCfg = Release|Any CPU
		{F147BD8D-F59C-4298-A577-820945BCBAD1}.Release|Any CPU.Build.0 = Release|Any CPU
		{7BF55182-57AA-4ED2-9E19-A0270EB174F1}.Debug|Any CPU.ActiveCfg = Debug|Any CPU
		{7BF55182-57AA-4ED2-9E19-A0270EB174F1}.Debug|Any CPU.Build.0 = Debug|Any CPU
		{7BF55182-57AA-4ED2-9E19-A0270EB174F1}.Release|Any CPU.ActiveCfg = Release|Any CPU
		{7BF55182-57AA-4ED2-9E19-A0270EB174F1}.Release|Any CPU.Build.0 = Release|Any CPU
		{F59BA6B4-3E4E-467D-958A-F6BB7FB10118}.Debug|Any CPU.ActiveCfg = Debug|Any CPU
		{F59BA6B4-3E4E-467D-958A-F6BB7FB10118}.Debug|Any CPU.Build.0 = Debug|Any CPU
		{F59BA6B4-3E4E-467D-958A-F6BB7FB10118}.Release|Any CPU.ActiveCfg = Release|Any CPU
		{F59BA6B4-3E4E-467D-958A-F6BB7FB10118}.Release|Any CPU.Build.0 = Release|Any CPU
		{E3D67329-1CA4-4C63-B287-AC8AAF0FB8B6}.Debug|Any CPU.ActiveCfg = Debug|Any CPU
		{E3D67329-1CA4-4C63-B287-AC8AAF0FB8B6}.Debug|Any CPU.Build.0 = Debug|Any CPU
		{E3D67329-1CA4-4C63-B287-AC8AAF0FB8B6}.Release|Any CPU.ActiveCfg = Release|Any CPU
		{E3D67329-1CA4-4C63-B287-AC8AAF0FB8B6}.Release|Any CPU.Build.0 = Release|Any CPU
		{D3651BF8-04C8-4585-9AF5-5B844DC81AC3}.Debug|Any CPU.ActiveCfg = Debug|Any CPU
		{D3651BF8-04C8-4585-9AF5-5B844DC81AC3}.Debug|Any CPU.Build.0 = Debug|Any CPU
		{D3651BF8-04C8-4585-9AF5-5B844DC81AC3}.Release|Any CPU.ActiveCfg = Release|Any CPU
		{D3651BF8-04C8-4585-9AF5-5B844DC81AC3}.Release|Any CPU.Build.0 = Release|Any CPU
		{977A9CC4-B9BD-44BD-9BAB-315CE9F2C6C5}.Debug|Any CPU.ActiveCfg = Debug|Any CPU
		{977A9CC4-B9BD-44BD-9BAB-315CE9F2C6C5}.Debug|Any CPU.Build.0 = Debug|Any CPU
		{977A9CC4-B9BD-44BD-9BAB-315CE9F2C6C5}.Release|Any CPU.ActiveCfg = Release|Any CPU
		{977A9CC4-B9BD-44BD-9BAB-315CE9F2C6C5}.Release|Any CPU.Build.0 = Release|Any CPU
		{856C1F32-5176-4A5B-B395-22623F054890}.Debug|Any CPU.ActiveCfg = Debug|Any CPU
		{856C1F32-5176-4A5B-B395-22623F054890}.Debug|Any CPU.Build.0 = Debug|Any CPU
		{856C1F32-5176-4A5B-B395-22623F054890}.Release|Any CPU.ActiveCfg = Release|Any CPU
		{856C1F32-5176-4A5B-B395-22623F054890}.Release|Any CPU.Build.0 = Release|Any CPU
		{8F3771AD-76B0-4DD2-A00B-E77176EC381B}.Debug|Any CPU.ActiveCfg = Debug|Any CPU
		{8F3771AD-76B0-4DD2-A00B-E77176EC381B}.Debug|Any CPU.Build.0 = Debug|Any CPU
		{8F3771AD-76B0-4DD2-A00B-E77176EC381B}.Release|Any CPU.ActiveCfg = Release|Any CPU
		{8F3771AD-76B0-4DD2-A00B-E77176EC381B}.Release|Any CPU.Build.0 = Release|Any CPU
		{35442E91-2E09-40ED-B3AF-25A6F294CDEF}.Debug|Any CPU.ActiveCfg = Debug|Any CPU
		{35442E91-2E09-40ED-B3AF-25A6F294CDEF}.Debug|Any CPU.Build.0 = Debug|Any CPU
		{35442E91-2E09-40ED-B3AF-25A6F294CDEF}.Release|Any CPU.ActiveCfg = Release|Any CPU
		{35442E91-2E09-40ED-B3AF-25A6F294CDEF}.Release|Any CPU.Build.0 = Release|Any CPU
		{9DEE6184-5580-41DF-893F-8EB344B6812B}.Debug|Any CPU.ActiveCfg = Debug|Any CPU
		{9DEE6184-5580-41DF-893F-8EB344B6812B}.Debug|Any CPU.Build.0 = Debug|Any CPU
		{9DEE6184-5580-41DF-893F-8EB344B6812B}.Release|Any CPU.ActiveCfg = Release|Any CPU
		{9DEE6184-5580-41DF-893F-8EB344B6812B}.Release|Any CPU.Build.0 = Release|Any CPU
	EndGlobalSection
	GlobalSection(SolutionProperties) = preSolution
		HideSolutionNode = FALSE
	EndGlobalSection
	GlobalSection(NestedProjects) = preSolution
		{BF1EC717-0717-446A-944E-4ADBA23ABC8A} = {E326494F-4F7C-45C2-9E89-36DBBD27D036}
		{3C9231D2-7674-4D94-866C-FEF5E31003AF} = {E326494F-4F7C-45C2-9E89-36DBBD27D036}
		{AC511348-C472-4943-B3F5-91DF66798483} = {E326494F-4F7C-45C2-9E89-36DBBD27D036}
		{8025F307-31A6-4067-A7C1-296544F4DB30} = {E326494F-4F7C-45C2-9E89-36DBBD27D036}
		{0F53CCD7-3CD4-4D41-8851-B3D0ACBE6A6C} = {E326494F-4F7C-45C2-9E89-36DBBD27D036}
		{72165C5B-8E49-452A-9593-710510BC676A} = {E326494F-4F7C-45C2-9E89-36DBBD27D036}
		{BC2D0E62-D3CD-48E8-8A7F-08CC95647732} = {E326494F-4F7C-45C2-9E89-36DBBD27D036}
		{47BBEEDB-5F82-453D-83BB-819B10B80E48} = {E326494F-4F7C-45C2-9E89-36DBBD27D036}
		{80B73841-AE51-4D5A-AF2C-4FDFEF000915} = {E326494F-4F7C-45C2-9E89-36DBBD27D036}
		{A78A4C19-6D0E-4C69-9ABF-8848FAE1DD88} = {E326494F-4F7C-45C2-9E89-36DBBD27D036}
		{54C75D8E-B1C2-4CA3-AEE0-DAA1161F8994} = {E326494F-4F7C-45C2-9E89-36DBBD27D036}
		{A23AAACB-289F-4AFB-82FA-7744595846F0} = {E326494F-4F7C-45C2-9E89-36DBBD27D036}
		{37F92CA2-79B9-40C4-84A4-B52CAA82FA1E} = {E326494F-4F7C-45C2-9E89-36DBBD27D036}
		{9054E901-42A8-46B8-9708-5BE8ECFF9468} = {E326494F-4F7C-45C2-9E89-36DBBD27D036}
		{82C4E478-681D-45D6-A412-F1ABA81E7767} = {48B129AF-5FAE-4AD1-9440-FF6494DB03D3}
		{57B80035-C394-4A45-90DA-538D8B08CA8D} = {48B129AF-5FAE-4AD1-9440-FF6494DB03D3}
		{B89A4488-9C07-41D7-B5DA-FA444F5B598C} = {89AAC82E-EE20-42BF-B9BA-F4C4E9B824E9}
		{114ABDCA-6F8C-4C15-98DF-6A6269B1D699} = {89AAC82E-EE20-42BF-B9BA-F4C4E9B824E9}
		{549DE63D-DEEB-402F-B0C2-FB95B77E2437} = {89AAC82E-EE20-42BF-B9BA-F4C4E9B824E9}
		{CC8B10F7-4871-41FE-9F73-5F90ABDD12A8} = {89AAC82E-EE20-42BF-B9BA-F4C4E9B824E9}
		{F21B1722-65DD-41EF-9E52-AA775EDB19BC} = {05A2D54A-1EED-422B-8487-26F74A711105}
		{FEEF39AD-BE36-477D-9E64-97D999B167D2} = {05A2D54A-1EED-422B-8487-26F74A711105}
		{43AF2609-016B-4668-895A-9D46202D40D7} = {8339EB7D-C598-48B7-8E6D-B128AC151F3C}
		{F8DDEAA6-BFF6-4CF6-A0D2-E4A9719ED0E8} = {8339EB7D-C598-48B7-8E6D-B128AC151F3C}
		{DEF70243-39B2-4B9A-BEAA-15ECD428AEF4} = {8339EB7D-C598-48B7-8E6D-B128AC151F3C}
		{B21247C7-FC01-4397-A319-010AD28154D3} = {8339EB7D-C598-48B7-8E6D-B128AC151F3C}
		{469F9539-BF6B-43F6-975E-A2C5DA296213} = {8339EB7D-C598-48B7-8E6D-B128AC151F3C}
		{DD6AE425-929E-439C-89B0-FDA8889FB5B1} = {8339EB7D-C598-48B7-8E6D-B128AC151F3C}
		{8FB4E1BB-A8E8-4234-B829-E82609CB4961} = {BDA9A694-3231-4077-A492-C827A1742F9B}
		{5F7F7BEA-68A2-4D2B-867E-A84802CCDB7D} = {BDA9A694-3231-4077-A492-C827A1742F9B}
		{5F339E57-88AB-4468-9864-025ABF81417A} = {BDA9A694-3231-4077-A492-C827A1742F9B}
		{372AB0C7-ECC0-4065-BE71-12554C1C51C2} = {BDA9A694-3231-4077-A492-C827A1742F9B}
		{3AE77446-4917-491E-9FC1-CC8A3695C28B} = {BDA9A694-3231-4077-A492-C827A1742F9B}
		{DD0BBA74-3ACE-40EE-825B-4524DF3472E6} = {BDA9A694-3231-4077-A492-C827A1742F9B}
		{25EB1B41-6424-41C4-946C-1C1B251DE9D6} = {48B129AF-5FAE-4AD1-9440-FF6494DB03D3}
		{918D31A8-7527-49C4-9B70-51B928910903} = {48B129AF-5FAE-4AD1-9440-FF6494DB03D3}
		{FB6558B0-CC61-4ED2-BEEF-9C97FE7662C8} = {48B129AF-5FAE-4AD1-9440-FF6494DB03D3}
		{FEF41B6E-B5F4-4D79-A89A-383CCF5D2927} = {48B129AF-5FAE-4AD1-9440-FF6494DB03D3}
		{5B59DDA1-A180-45F1-A826-D7D7FCA45625} = {48B129AF-5FAE-4AD1-9440-FF6494DB03D3}
		{76FBF2BA-566A-4A77-9D4C-5284907F47F9} = {48B129AF-5FAE-4AD1-9440-FF6494DB03D3}
		{CB14C010-B100-4915-B9CD-18D6873DE9FA} = {48B129AF-5FAE-4AD1-9440-FF6494DB03D3}
		{E461DCD7-B3AC-4CE5-8DA0-40A0F5C09F3D} = {8339EB7D-C598-48B7-8E6D-B128AC151F3C}
		{FCD0C726-11DF-4F1F-B307-BD07A1FEF39D} = {8339EB7D-C598-48B7-8E6D-B128AC151F3C}
		{0F75763D-7562-4036-8C39-87DCC3602D7C} = {8339EB7D-C598-48B7-8E6D-B128AC151F3C}
		{F147BD8D-F59C-4298-A577-820945BCBAD1} = {8339EB7D-C598-48B7-8E6D-B128AC151F3C}
		{7BF55182-57AA-4ED2-9E19-A0270EB174F1} = {8339EB7D-C598-48B7-8E6D-B128AC151F3C}
		{F59BA6B4-3E4E-467D-958A-F6BB7FB10118} = {8339EB7D-C598-48B7-8E6D-B128AC151F3C}
		{E3D67329-1CA4-4C63-B287-AC8AAF0FB8B6} = {8339EB7D-C598-48B7-8E6D-B128AC151F3C}
		{D3651BF8-04C8-4585-9AF5-5B844DC81AC3} = {BDA9A694-3231-4077-A492-C827A1742F9B}
		{977A9CC4-B9BD-44BD-9BAB-315CE9F2C6C5} = {BDA9A694-3231-4077-A492-C827A1742F9B}
		{856C1F32-5176-4A5B-B395-22623F054890} = {BDA9A694-3231-4077-A492-C827A1742F9B}
		{8F3771AD-76B0-4DD2-A00B-E77176EC381B} = {BDA9A694-3231-4077-A492-C827A1742F9B}
		{35442E91-2E09-40ED-B3AF-25A6F294CDEF} = {E326494F-4F7C-45C2-9E89-36DBBD27D036}
		{9DEE6184-5580-41DF-893F-8EB344B6812B} = {E326494F-4F7C-45C2-9E89-36DBBD27D036}
	EndGlobalSection
EndGlobal
